// !$*UTF8*$!
{
	archiveVersion = 1;
	classes = {
	};
	objectVersion = 46;
	objects = {

/* Begin PBXBuildFile section */
		0F0134CC18433BBB005E11A0 /* Standardinformation.m in Sources */ = {isa = PBXBuildFile; fileRef = 0F0134CB18433BBB005E11A0 /* Standardinformation.m */; };
		0F1C3D1C183F4275004AC9BD /* ALHTTPSessionManager.m in Sources */ = {isa = PBXBuildFile; fileRef = 0F1C3D1B183F4275004AC9BD /* ALHTTPSessionManager.m */; };
		0F1C3D2A183F4299004AC9BD /* ALSessionManager+TaskDelegate.m in Sources */ = {isa = PBXBuildFile; fileRef = 0F1C3D22183F4299004AC9BD /* ALSessionManager+TaskDelegate.m */; };
		0F1C3D2B183F4299004AC9BD /* ALSessionManager+DataTaskDelegate.m in Sources */ = {isa = PBXBuildFile; fileRef = 0F1C3D25183F4299004AC9BD /* ALSessionManager+DataTaskDelegate.m */; };
		0F1C3D2C183F4299004AC9BD /* ALSessionManager+DownloadTaskDelegate.m in Sources */ = {isa = PBXBuildFile; fileRef = 0F1C3D28183F4299004AC9BD /* ALSessionManager+DownloadTaskDelegate.m */; };
		0F1C3D2F183F4D1A004AC9BD /* ALSessionConfiguration.m in Sources */ = {isa = PBXBuildFile; fileRef = 0F1C3D2E183F4D1A004AC9BD /* ALSessionConfiguration.m */; };
		0F1C3D32183F856F004AC9BD /* ALURLSerialization.m in Sources */ = {isa = PBXBuildFile; fileRef = 0F1C3D31183F856F004AC9BD /* ALURLSerialization.m */; };
		0F1C3D3E183F96B9004AC9BD /* ALStringConvertor.m in Sources */ = {isa = PBXBuildFile; fileRef = 0F1C3D3D183F96B9004AC9BD /* ALStringConvertor.m */; };
		0F642321183F329000BB5510 /* ALNetConst.m in Sources */ = {isa = PBXBuildFile; fileRef = 0F6422F7183F329000BB5510 /* ALNetConst.m */; };
		0F642322183F329000BB5510 /* ALNetManager.m in Sources */ = {isa = PBXBuildFile; fileRef = 0F6422FA183F329000BB5510 /* ALNetManager.m */; };
		0F642323183F329000BB5510 /* ALSessionManager.m in Sources */ = {isa = PBXBuildFile; fileRef = 0F642300183F329000BB5510 /* ALSessionManager.m */; };
		0F642329183F329000BB5510 /* ALSerialization.m in Sources */ = {isa = PBXBuildFile; fileRef = 0F642314183F329000BB5510 /* ALSerialization.m */; };
		0F64232A183F329000BB5510 /* ALSerialization.rtf in Resources */ = {isa = PBXBuildFile; fileRef = 0F642315183F329000BB5510 /* ALSerialization.rtf */; };
		0F64232B183F329000BB5510 /* ALTransaction.m in Sources */ = {isa = PBXBuildFile; fileRef = 0F642318183F329000BB5510 /* ALTransaction.m */; };
		0F64232C183F329000BB5510 /* ALTransactionHTTP.m in Sources */ = {isa = PBXBuildFile; fileRef = 0F64231C183F329000BB5510 /* ALTransactionHTTP.m */; };
		0F64232D183F329000BB5510 /* ALTransactionTCPIP.m in Sources */ = {isa = PBXBuildFile; fileRef = 0F64231F183F329000BB5510 /* ALTransactionTCPIP.m */; };
		0F64232E183F329000BB5510 /* UserInfo.plist in Resources */ = {isa = PBXBuildFile; fileRef = 0F642320183F329000BB5510 /* UserInfo.plist */; };
		0FD88C7B1839EE7D0001A051 /* Foundation.framework in Frameworks */ = {isa = PBXBuildFile; fileRef = 0FD88C7A1839EE7D0001A051 /* Foundation.framework */; };
		0FD88C7D1839EE7D0001A051 /* CoreGraphics.framework in Frameworks */ = {isa = PBXBuildFile; fileRef = 0FD88C7C1839EE7D0001A051 /* CoreGraphics.framework */; };
		0FD88C7F1839EE7D0001A051 /* UIKit.framework in Frameworks */ = {isa = PBXBuildFile; fileRef = 0FD88C7E1839EE7D0001A051 /* UIKit.framework */; };
		0FD88C851839EE7D0001A051 /* InfoPlist.strings in Resources */ = {isa = PBXBuildFile; fileRef = 0FD88C831839EE7D0001A051 /* InfoPlist.strings */; };
		0FD88C871839EE7D0001A051 /* main.m in Sources */ = {isa = PBXBuildFile; fileRef = 0FD88C861839EE7D0001A051 /* main.m */; };
		0FD88C8B1839EE7D0001A051 /* AppDelegate.m in Sources */ = {isa = PBXBuildFile; fileRef = 0FD88C8A1839EE7D0001A051 /* AppDelegate.m */; };
		0FD88C8D1839EE7D0001A051 /* Images.xcassets in Resources */ = {isa = PBXBuildFile; fileRef = 0FD88C8C1839EE7D0001A051 /* Images.xcassets */; };
		0FD88C941839EE7D0001A051 /* XCTest.framework in Frameworks */ = {isa = PBXBuildFile; fileRef = 0FD88C931839EE7D0001A051 /* XCTest.framework */; };
		0FD88C951839EE7D0001A051 /* Foundation.framework in Frameworks */ = {isa = PBXBuildFile; fileRef = 0FD88C7A1839EE7D0001A051 /* Foundation.framework */; };
		0FD88C961839EE7D0001A051 /* UIKit.framework in Frameworks */ = {isa = PBXBuildFile; fileRef = 0FD88C7E1839EE7D0001A051 /* UIKit.framework */; };
		0FD88C9E1839EE7D0001A051 /* InfoPlist.strings in Resources */ = {isa = PBXBuildFile; fileRef = 0FD88C9C1839EE7D0001A051 /* InfoPlist.strings */; };
		0FD88CA01839EE7D0001A051 /* ALNetTests.m in Sources */ = {isa = PBXBuildFile; fileRef = 0FD88C9F1839EE7D0001A051 /* ALNetTests.m */; };
		0FE47501183CA91D00DD1FDC /* ALCacheManager.m in Sources */ = {isa = PBXBuildFile; fileRef = 0FE474D5183CA91D00DD1FDC /* ALCacheManager.m */; };
		0FE47502183CA91D00DD1FDC /* ALCacheManager.rtf in Resources */ = {isa = PBXBuildFile; fileRef = 0FE474D6183CA91D00DD1FDC /* ALCacheManager.rtf */; };
		0FE4750F183CA91D00DD1FDC /* UIAsyncImageView.m in Sources */ = {isa = PBXBuildFile; fileRef = 0FE47500183CA91D00DD1FDC /* UIAsyncImageView.m */; };
		0FE47514183CC17000DD1FDC /* ALMain.storyboard in Resources */ = {isa = PBXBuildFile; fileRef = 0FE47513183CC17000DD1FDC /* ALMain.storyboard */; };
		0FE47517183CC19000DD1FDC /* ALMainViewController.m in Sources */ = {isa = PBXBuildFile; fileRef = 0FE47516183CC19000DD1FDC /* ALMainViewController.m */; };
/* End PBXBuildFile section */

/* Begin PBXContainerItemProxy section */
		0FD88C971839EE7D0001A051 /* PBXContainerItemProxy */ = {
			isa = PBXContainerItemProxy;
			containerPortal = 0FD88C6F1839EE7D0001A051 /* Project object */;
			proxyType = 1;
			remoteGlobalIDString = 0FD88C761839EE7D0001A051;
			remoteInfo = ALNet;
		};
/* End PBXContainerItemProxy section */

/* Begin PBXFileReference section */
		0F0134CA18433BBB005E11A0 /* Standardinformation.h */ = {isa = PBXFileReference; fileEncoding = 4; lastKnownFileType = sourcecode.c.h; path = Standardinformation.h; sourceTree = "<group>"; };
		0F0134CB18433BBB005E11A0 /* Standardinformation.m */ = {isa = PBXFileReference; fileEncoding = 4; lastKnownFileType = sourcecode.c.objc; path = Standardinformation.m; sourceTree = "<group>"; };
		0F1C3D08183F3974004AC9BD /* ALSessionManagerProtocol.h */ = {isa = PBXFileReference; fileEncoding = 4; lastKnownFileType = sourcecode.c.h; path = ALSessionManagerProtocol.h; sourceTree = "<group>"; };
		0F1C3D1A183F4275004AC9BD /* ALHTTPSessionManager.h */ = {isa = PBXFileReference; fileEncoding = 4; lastKnownFileType = sourcecode.c.h; path = ALHTTPSessionManager.h; sourceTree = "<group>"; };
		0F1C3D1B183F4275004AC9BD /* ALHTTPSessionManager.m */ = {isa = PBXFileReference; fileEncoding = 4; lastKnownFileType = sourcecode.c.objc; path = ALHTTPSessionManager.m; sourceTree = "<group>"; };
		0F1C3D21183F4299004AC9BD /* ALSessionManager+TaskDelegate.h */ = {isa = PBXFileReference; fileEncoding = 4; lastKnownFileType = sourcecode.c.h; path = "ALSessionManager+TaskDelegate.h"; sourceTree = "<group>"; };
		0F1C3D22183F4299004AC9BD /* ALSessionManager+TaskDelegate.m */ = {isa = PBXFileReference; fileEncoding = 4; lastKnownFileType = sourcecode.c.objc; path = "ALSessionManager+TaskDelegate.m"; sourceTree = "<group>"; };
		0F1C3D24183F4299004AC9BD /* ALSessionManager+DataTaskDelegate.h */ = {isa = PBXFileReference; fileEncoding = 4; lastKnownFileType = sourcecode.c.h; path = "ALSessionManager+DataTaskDelegate.h"; sourceTree = "<group>"; };
		0F1C3D25183F4299004AC9BD /* ALSessionManager+DataTaskDelegate.m */ = {isa = PBXFileReference; fileEncoding = 4; lastKnownFileType = sourcecode.c.objc; path = "ALSessionManager+DataTaskDelegate.m"; sourceTree = "<group>"; };
		0F1C3D27183F4299004AC9BD /* ALSessionManager+DownloadTaskDelegate.h */ = {isa = PBXFileReference; fileEncoding = 4; lastKnownFileType = sourcecode.c.h; path = "ALSessionManager+DownloadTaskDelegate.h"; sourceTree = "<group>"; };
		0F1C3D28183F4299004AC9BD /* ALSessionManager+DownloadTaskDelegate.m */ = {isa = PBXFileReference; fileEncoding = 4; lastKnownFileType = sourcecode.c.objc; path = "ALSessionManager+DownloadTaskDelegate.m"; sourceTree = "<group>"; };
		0F1C3D2D183F4D1A004AC9BD /* ALSessionConfiguration.h */ = {isa = PBXFileReference; fileEncoding = 4; lastKnownFileType = sourcecode.c.h; path = ALSessionConfiguration.h; sourceTree = "<group>"; };
		0F1C3D2E183F4D1A004AC9BD /* ALSessionConfiguration.m */ = {isa = PBXFileReference; fileEncoding = 4; lastKnownFileType = sourcecode.c.objc; path = ALSessionConfiguration.m; sourceTree = "<group>"; };
		0F1C3D30183F856F004AC9BD /* ALURLSerialization.h */ = {isa = PBXFileReference; fileEncoding = 4; lastKnownFileType = sourcecode.c.h; path = ALURLSerialization.h; sourceTree = "<group>"; };
		0F1C3D31183F856F004AC9BD /* ALURLSerialization.m */ = {isa = PBXFileReference; fileEncoding = 4; lastKnownFileType = sourcecode.c.objc; path = ALURLSerialization.m; sourceTree = "<group>"; };
		0F1C3D3C183F96B9004AC9BD /* ALStringConvertor.h */ = {isa = PBXFileReference; fileEncoding = 4; lastKnownFileType = sourcecode.c.h; path = ALStringConvertor.h; sourceTree = "<group>"; };
		0F1C3D3D183F96B9004AC9BD /* ALStringConvertor.m */ = {isa = PBXFileReference; fileEncoding = 4; lastKnownFileType = sourcecode.c.objc; path = ALStringConvertor.m; sourceTree = "<group>"; };
		0F6422F6183F329000BB5510 /* ALNetConst.h */ = {isa = PBXFileReference; fileEncoding = 4; lastKnownFileType = sourcecode.c.h; path = ALNetConst.h; sourceTree = "<group>"; };
		0F6422F7183F329000BB5510 /* ALNetConst.m */ = {isa = PBXFileReference; fileEncoding = 4; lastKnownFileType = sourcecode.c.objc; path = ALNetConst.m; sourceTree = "<group>"; };
		0F6422F9183F329000BB5510 /* ALNetManager.h */ = {isa = PBXFileReference; fileEncoding = 4; lastKnownFileType = sourcecode.c.h; path = ALNetManager.h; sourceTree = "<group>"; };
		0F6422FA183F329000BB5510 /* ALNetManager.m */ = {isa = PBXFileReference; fileEncoding = 4; lastKnownFileType = sourcecode.c.objc; path = ALNetManager.m; sourceTree = "<group>"; };
		0F6422FB183F329000BB5510 /* ALNetManagerProtocol.h */ = {isa = PBXFileReference; fileEncoding = 4; lastKnownFileType = sourcecode.c.h; path = ALNetManagerProtocol.h; sourceTree = "<group>"; };
		0F6422FF183F329000BB5510 /* ALSessionManager.h */ = {isa = PBXFileReference; fileEncoding = 4; lastKnownFileType = sourcecode.c.h; path = ALSessionManager.h; sourceTree = "<group>"; };
		0F642300183F329000BB5510 /* ALSessionManager.m */ = {isa = PBXFileReference; fileEncoding = 4; lastKnownFileType = sourcecode.c.objc; path = ALSessionManager.m; sourceTree = "<group>"; };
		0F642313183F329000BB5510 /* ALSerialization.h */ = {isa = PBXFileReference; fileEncoding = 4; lastKnownFileType = sourcecode.c.h; path = ALSerialization.h; sourceTree = "<group>"; };
		0F642314183F329000BB5510 /* ALSerialization.m */ = {isa = PBXFileReference; fileEncoding = 4; lastKnownFileType = sourcecode.c.objc; path = ALSerialization.m; sourceTree = "<group>"; };
		0F642315183F329000BB5510 /* ALSerialization.rtf */ = {isa = PBXFileReference; fileEncoding = 4; lastKnownFileType = text.rtf; path = ALSerialization.rtf; sourceTree = "<group>"; };
		0F642317183F329000BB5510 /* ALTransaction.h */ = {isa = PBXFileReference; fileEncoding = 4; lastKnownFileType = sourcecode.c.h; path = ALTransaction.h; sourceTree = "<group>"; };
		0F642318183F329000BB5510 /* ALTransaction.m */ = {isa = PBXFileReference; fileEncoding = 4; lastKnownFileType = sourcecode.c.objc; path = ALTransaction.m; sourceTree = "<group>"; };
		0F642319183F329000BB5510 /* ALTransactionProtocol.h */ = {isa = PBXFileReference; fileEncoding = 4; lastKnownFileType = sourcecode.c.h; path = ALTransactionProtocol.h; sourceTree = "<group>"; };
		0F64231B183F329000BB5510 /* ALTransactionHTTP.h */ = {isa = PBXFileReference; fileEncoding = 4; lastKnownFileType = sourcecode.c.h; path = ALTransactionHTTP.h; sourceTree = "<group>"; };
		0F64231C183F329000BB5510 /* ALTransactionHTTP.m */ = {isa = PBXFileReference; fileEncoding = 4; lastKnownFileType = sourcecode.c.objc; path = ALTransactionHTTP.m; sourceTree = "<group>"; };
		0F64231E183F329000BB5510 /* ALTransactionTCPIP.h */ = {isa = PBXFileReference; fileEncoding = 4; lastKnownFileType = sourcecode.c.h; path = ALTransactionTCPIP.h; sourceTree = "<group>"; };
		0F64231F183F329000BB5510 /* ALTransactionTCPIP.m */ = {isa = PBXFileReference; fileEncoding = 4; lastKnownFileType = sourcecode.c.objc; path = ALTransactionTCPIP.m; sourceTree = "<group>"; };
		0F642320183F329000BB5510 /* UserInfo.plist */ = {isa = PBXFileReference; fileEncoding = 4; lastKnownFileType = text.plist.xml; path = UserInfo.plist; sourceTree = "<group>"; };
		0FD88C771839EE7D0001A051 /* ALNet.app */ = {isa = PBXFileReference; explicitFileType = wrapper.application; includeInIndex = 0; path = ALNet.app; sourceTree = BUILT_PRODUCTS_DIR; };
		0FD88C7A1839EE7D0001A051 /* Foundation.framework */ = {isa = PBXFileReference; lastKnownFileType = wrapper.framework; name = Foundation.framework; path = System/Library/Frameworks/Foundation.framework; sourceTree = SDKROOT; };
		0FD88C7C1839EE7D0001A051 /* CoreGraphics.framework */ = {isa = PBXFileReference; lastKnownFileType = wrapper.framework; name = CoreGraphics.framework; path = System/Library/Frameworks/CoreGraphics.framework; sourceTree = SDKROOT; };
		0FD88C7E1839EE7D0001A051 /* UIKit.framework */ = {isa = PBXFileReference; lastKnownFileType = wrapper.framework; name = UIKit.framework; path = System/Library/Frameworks/UIKit.framework; sourceTree = SDKROOT; };
		0FD88C821839EE7D0001A051 /* ALNet-Info.plist */ = {isa = PBXFileReference; lastKnownFileType = text.plist.xml; path = "ALNet-Info.plist"; sourceTree = "<group>"; };
		0FD88C841839EE7D0001A051 /* en */ = {isa = PBXFileReference; lastKnownFileType = text.plist.strings; name = en; path = en.lproj/InfoPlist.strings; sourceTree = "<group>"; };
		0FD88C861839EE7D0001A051 /* main.m */ = {isa = PBXFileReference; lastKnownFileType = sourcecode.c.objc; path = main.m; sourceTree = "<group>"; };
		0FD88C881839EE7D0001A051 /* ALNet-Prefix.pch */ = {isa = PBXFileReference; lastKnownFileType = sourcecode.c.h; path = "ALNet-Prefix.pch"; sourceTree = "<group>"; };
		0FD88C891839EE7D0001A051 /* AppDelegate.h */ = {isa = PBXFileReference; lastKnownFileType = sourcecode.c.h; path = AppDelegate.h; sourceTree = "<group>"; };
		0FD88C8A1839EE7D0001A051 /* AppDelegate.m */ = {isa = PBXFileReference; lastKnownFileType = sourcecode.c.objc; path = AppDelegate.m; sourceTree = "<group>"; };
		0FD88C8C1839EE7D0001A051 /* Images.xcassets */ = {isa = PBXFileReference; lastKnownFileType = folder.assetcatalog; path = Images.xcassets; sourceTree = "<group>"; };
		0FD88C921839EE7D0001A051 /* ALNetTests.xctest */ = {isa = PBXFileReference; explicitFileType = wrapper.cfbundle; includeInIndex = 0; path = ALNetTests.xctest; sourceTree = BUILT_PRODUCTS_DIR; };
		0FD88C931839EE7D0001A051 /* XCTest.framework */ = {isa = PBXFileReference; lastKnownFileType = wrapper.framework; name = XCTest.framework; path = Library/Frameworks/XCTest.framework; sourceTree = DEVELOPER_DIR; };
		0FD88C9B1839EE7D0001A051 /* ALNetTests-Info.plist */ = {isa = PBXFileReference; lastKnownFileType = text.plist.xml; path = "ALNetTests-Info.plist"; sourceTree = "<group>"; };
		0FD88C9D1839EE7D0001A051 /* en */ = {isa = PBXFileReference; lastKnownFileType = text.plist.strings; name = en; path = en.lproj/InfoPlist.strings; sourceTree = "<group>"; };
		0FD88C9F1839EE7D0001A051 /* ALNetTests.m */ = {isa = PBXFileReference; lastKnownFileType = sourcecode.c.objc; path = ALNetTests.m; sourceTree = "<group>"; };
		0FE474D4183CA91D00DD1FDC /* ALCacheManager.h */ = {isa = PBXFileReference; fileEncoding = 4; lastKnownFileType = sourcecode.c.h; path = ALCacheManager.h; sourceTree = "<group>"; };
		0FE474D5183CA91D00DD1FDC /* ALCacheManager.m */ = {isa = PBXFileReference; fileEncoding = 4; lastKnownFileType = sourcecode.c.objc; path = ALCacheManager.m; sourceTree = "<group>"; };
		0FE474D6183CA91D00DD1FDC /* ALCacheManager.rtf */ = {isa = PBXFileReference; fileEncoding = 4; lastKnownFileType = text.rtf; path = ALCacheManager.rtf; sourceTree = "<group>"; };
		0FE474FF183CA91D00DD1FDC /* UIAsyncImageView.h */ = {isa = PBXFileReference; fileEncoding = 4; lastKnownFileType = sourcecode.c.h; path = UIAsyncImageView.h; sourceTree = "<group>"; };
		0FE47500183CA91D00DD1FDC /* UIAsyncImageView.m */ = {isa = PBXFileReference; fileEncoding = 4; lastKnownFileType = sourcecode.c.objc; path = UIAsyncImageView.m; sourceTree = "<group>"; };
		0FE47513183CC17000DD1FDC /* ALMain.storyboard */ = {isa = PBXFileReference; fileEncoding = 4; lastKnownFileType = file.storyboard; path = ALMain.storyboard; sourceTree = "<group>"; };
		0FE47515183CC19000DD1FDC /* ALMainViewController.h */ = {isa = PBXFileReference; fileEncoding = 4; lastKnownFileType = sourcecode.c.h; path = ALMainViewController.h; sourceTree = "<group>"; };
		0FE47516183CC19000DD1FDC /* ALMainViewController.m */ = {isa = PBXFileReference; fileEncoding = 4; lastKnownFileType = sourcecode.c.objc; path = ALMainViewController.m; sourceTree = "<group>"; };
/* End PBXFileReference section */

/* Begin PBXFrameworksBuildPhase section */
		0FD88C741839EE7D0001A051 /* Frameworks */ = {
			isa = PBXFrameworksBuildPhase;
			buildActionMask = 2147483647;
			files = (
				0FD88C7D1839EE7D0001A051 /* CoreGraphics.framework in Frameworks */,
				0FD88C7F1839EE7D0001A051 /* UIKit.framework in Frameworks */,
				0FD88C7B1839EE7D0001A051 /* Foundation.framework in Frameworks */,
			);
			runOnlyForDeploymentPostprocessing = 0;
		};
		0FD88C8F1839EE7D0001A051 /* Frameworks */ = {
			isa = PBXFrameworksBuildPhase;
			buildActionMask = 2147483647;
			files = (
				0FD88C941839EE7D0001A051 /* XCTest.framework in Frameworks */,
				0FD88C961839EE7D0001A051 /* UIKit.framework in Frameworks */,
				0FD88C951839EE7D0001A051 /* Foundation.framework in Frameworks */,
			);
			runOnlyForDeploymentPostprocessing = 0;
		};
/* End PBXFrameworksBuildPhase section */

/* Begin PBXGroup section */
		0F0134C918433BBB005E11A0 /* Standardinformation */ = {
			isa = PBXGroup;
			children = (
				0F0134CA18433BBB005E11A0 /* Standardinformation.h */,
				0F0134CB18433BBB005E11A0 /* Standardinformation.m */,
			);
			path = Standardinformation;
			sourceTree = "<group>";
		};
		0F1C3D1D183F4299004AC9BD /* Configuration */ = {
			isa = PBXGroup;
			children = (
				0F1C3D2D183F4D1A004AC9BD /* ALSessionConfiguration.h */,
				0F1C3D2E183F4D1A004AC9BD /* ALSessionConfiguration.m */,
			);
			path = Configuration;
			sourceTree = "<group>";
		};
		0F1C3D20183F4299004AC9BD /* Task */ = {
			isa = PBXGroup;
			children = (
				0F1C3D21183F4299004AC9BD /* ALSessionManager+TaskDelegate.h */,
				0F1C3D22183F4299004AC9BD /* ALSessionManager+TaskDelegate.m */,
				0F1C3D23183F4299004AC9BD /* DataDelegate */,
				0F1C3D26183F4299004AC9BD /* DownloadDelegate */,
			);
			path = Task;
			sourceTree = "<group>";
		};
		0F1C3D23183F4299004AC9BD /* DataDelegate */ = {
			isa = PBXGroup;
			children = (
				0F1C3D24183F4299004AC9BD /* ALSessionManager+DataTaskDelegate.h */,
				0F1C3D25183F4299004AC9BD /* ALSessionManager+DataTaskDelegate.m */,
			);
			path = DataDelegate;
			sourceTree = "<group>";
		};
		0F1C3D26183F4299004AC9BD /* DownloadDelegate */ = {
			isa = PBXGroup;
			children = (
				0F1C3D27183F4299004AC9BD /* ALSessionManager+DownloadTaskDelegate.h */,
				0F1C3D28183F4299004AC9BD /* ALSessionManager+DownloadTaskDelegate.m */,
			);
			path = DownloadDelegate;
			sourceTree = "<group>";
		};
		0F1C3D3B183F96AD004AC9BD /* ALStringConvertor */ = {
			isa = PBXGroup;
			children = (
				0F1C3D3C183F96B9004AC9BD /* ALStringConvertor.h */,
				0F1C3D3D183F96B9004AC9BD /* ALStringConvertor.m */,
			);
			path = ALStringConvertor;
			sourceTree = "<group>";
		};
		0F6422F5183F329000BB5510 /* Network */ = {
			isa = PBXGroup;
			children = (
				0F6422F6183F329000BB5510 /* ALNetConst.h */,
				0F6422F7183F329000BB5510 /* ALNetConst.m */,
				0F6422F8183F329000BB5510 /* Manager */,
				0F642312183F329000BB5510 /* Serialization */,
				0F642316183F329000BB5510 /* Transaction */,
				0F642320183F329000BB5510 /* UserInfo.plist */,
			);
			path = Network;
			sourceTree = "<group>";
		};
		0F6422F8183F329000BB5510 /* Manager */ = {
			isa = PBXGroup;
			children = (
				0F6422FB183F329000BB5510 /* ALNetManagerProtocol.h */,
				0F6422F9183F329000BB5510 /* ALNetManager.h */,
				0F6422FA183F329000BB5510 /* ALNetManager.m */,
				0F6422FE183F329000BB5510 /* SessionManager */,
			);
			path = Manager;
			sourceTree = "<group>";
		};
		0F6422FE183F329000BB5510 /* SessionManager */ = {
			isa = PBXGroup;
			children = (
				0F1C3D08183F3974004AC9BD /* ALSessionManagerProtocol.h */,
				0F6422FF183F329000BB5510 /* ALSessionManager.h */,
				0F642300183F329000BB5510 /* ALSessionManager.m */,
				0F1C3D1A183F4275004AC9BD /* ALHTTPSessionManager.h */,
				0F1C3D1B183F4275004AC9BD /* ALHTTPSessionManager.m */,
				0F1C3D20183F4299004AC9BD /* Task */,
				0F1C3D1D183F4299004AC9BD /* Configuration */,
			);
			path = SessionManager;
			sourceTree = "<group>";
		};
		0F642312183F329000BB5510 /* Serialization */ = {
			isa = PBXGroup;
			children = (
				0F1C3D30183F856F004AC9BD /* ALURLSerialization.h */,
				0F1C3D31183F856F004AC9BD /* ALURLSerialization.m */,
				0F642313183F329000BB5510 /* ALSerialization.h */,
				0F642314183F329000BB5510 /* ALSerialization.m */,
				0F642315183F329000BB5510 /* ALSerialization.rtf */,
			);
			path = Serialization;
			sourceTree = "<group>";
		};
		0F642316183F329000BB5510 /* Transaction */ = {
			isa = PBXGroup;
			children = (
				0F642319183F329000BB5510 /* ALTransactionProtocol.h */,
				0F642317183F329000BB5510 /* ALTransaction.h */,
				0F642318183F329000BB5510 /* ALTransaction.m */,
				0F64231A183F329000BB5510 /* HTTP */,
				0F64231D183F329000BB5510 /* TCPIP */,
			);
			path = Transaction;
			sourceTree = "<group>";
		};
		0F64231A183F329000BB5510 /* HTTP */ = {
			isa = PBXGroup;
			children = (
				0F64231B183F329000BB5510 /* ALTransactionHTTP.h */,
				0F64231C183F329000BB5510 /* ALTransactionHTTP.m */,
			);
			path = HTTP;
			sourceTree = "<group>";
		};
		0F64231D183F329000BB5510 /* TCPIP */ = {
			isa = PBXGroup;
			children = (
				0F64231E183F329000BB5510 /* ALTransactionTCPIP.h */,
				0F64231F183F329000BB5510 /* ALTransactionTCPIP.m */,
			);
			path = TCPIP;
			sourceTree = "<group>";
		};
		0FD88C6E1839EE7D0001A051 = {
			isa = PBXGroup;
			children = (
				0FD88C801839EE7D0001A051 /* ALNet */,
				0FD88C991839EE7D0001A051 /* ALNetTests */,
				0FD88C791839EE7D0001A051 /* Frameworks */,
				0FD88C781839EE7D0001A051 /* Products */,
			);
			sourceTree = "<group>";
		};
		0FD88C781839EE7D0001A051 /* Products */ = {
			isa = PBXGroup;
			children = (
				0FD88C771839EE7D0001A051 /* ALNet.app */,
				0FD88C921839EE7D0001A051 /* ALNetTests.xctest */,
			);
			name = Products;
			sourceTree = "<group>";
		};
		0FD88C791839EE7D0001A051 /* Frameworks */ = {
			isa = PBXGroup;
			children = (
				0FD88C7A1839EE7D0001A051 /* Foundation.framework */,
				0FD88C7C1839EE7D0001A051 /* CoreGraphics.framework */,
				0FD88C7E1839EE7D0001A051 /* UIKit.framework */,
				0FD88C931839EE7D0001A051 /* XCTest.framework */,
			);
			name = Frameworks;
			sourceTree = "<group>";
		};
		0FD88C801839EE7D0001A051 /* ALNet */ = {
			isa = PBXGroup;
			children = (
				0FD88C891839EE7D0001A051 /* AppDelegate.h */,
				0FD88C8A1839EE7D0001A051 /* AppDelegate.m */,
				0FE47513183CC17000DD1FDC /* ALMain.storyboard */,
				0FE47515183CC19000DD1FDC /* ALMainViewController.h */,
				0FE47516183CC19000DD1FDC /* ALMainViewController.m */,
				0FE474D1183CA91D00DD1FDC /* Framework */,
				0FD88C8C1839EE7D0001A051 /* Images.xcassets */,
				0FD88C811839EE7D0001A051 /* Supporting Files */,
			);
			path = ALNet;
			sourceTree = "<group>";
		};
		0FD88C811839EE7D0001A051 /* Supporting Files */ = {
			isa = PBXGroup;
			children = (
				0FD88C821839EE7D0001A051 /* ALNet-Info.plist */,
				0FD88C831839EE7D0001A051 /* InfoPlist.strings */,
				0FD88C861839EE7D0001A051 /* main.m */,
				0FD88C881839EE7D0001A051 /* ALNet-Prefix.pch */,
			);
			name = "Supporting Files";
			sourceTree = "<group>";
		};
		0FD88C991839EE7D0001A051 /* ALNetTests */ = {
			isa = PBXGroup;
			children = (
				0FD88C9F1839EE7D0001A051 /* ALNetTests.m */,
				0FD88C9A1839EE7D0001A051 /* Supporting Files */,
			);
			path = ALNetTests;
			sourceTree = "<group>";
		};
		0FD88C9A1839EE7D0001A051 /* Supporting Files */ = {
			isa = PBXGroup;
			children = (
				0FD88C9B1839EE7D0001A051 /* ALNetTests-Info.plist */,
				0FD88C9C1839EE7D0001A051 /* InfoPlist.strings */,
			);
			name = "Supporting Files";
			sourceTree = "<group>";
		};
		0FE474D1183CA91D00DD1FDC /* Framework */ = {
			isa = PBXGroup;
			children = (
				0F0134C918433BBB005E11A0 /* Standardinformation */,
				0F6422F5183F329000BB5510 /* Network */,
				0FE474D2183CA91D00DD1FDC /* Convenience */,
				0FE474FD183CA91D00DD1FDC /* UIKit */,
			);
			path = Framework;
			sourceTree = "<group>";
		};
		0FE474D2183CA91D00DD1FDC /* Convenience */ = {
			isa = PBXGroup;
			children = (
				0F1C3D3B183F96AD004AC9BD /* ALStringConvertor */,
				0FE474D3183CA91D00DD1FDC /* ALCacheManager */,
			);
			path = Convenience;
			sourceTree = "<group>";
		};
		0FE474D3183CA91D00DD1FDC /* ALCacheManager */ = {
			isa = PBXGroup;
			children = (
				0FE474D4183CA91D00DD1FDC /* ALCacheManager.h */,
				0FE474D5183CA91D00DD1FDC /* ALCacheManager.m */,
				0FE474D6183CA91D00DD1FDC /* ALCacheManager.rtf */,
			);
			path = ALCacheManager;
			sourceTree = "<group>";
		};
		0FE474FD183CA91D00DD1FDC /* UIKit */ = {
			isa = PBXGroup;
			children = (
				0FE474FE183CA91D00DD1FDC /* AsyncImageView */,
			);
			path = UIKit;
			sourceTree = "<group>";
		};
		0FE474FE183CA91D00DD1FDC /* AsyncImageView */ = {
			isa = PBXGroup;
			children = (
				0FE474FF183CA91D00DD1FDC /* UIAsyncImageView.h */,
				0FE47500183CA91D00DD1FDC /* UIAsyncImageView.m */,
			);
			path = AsyncImageView;
			sourceTree = "<group>";
		};
/* End PBXGroup section */

/* Begin PBXNativeTarget section */
		0FD88C761839EE7D0001A051 /* ALNet */ = {
			isa = PBXNativeTarget;
			buildConfigurationList = 0FD88CA31839EE7D0001A051 /* Build configuration list for PBXNativeTarget "ALNet" */;
			buildPhases = (
				0FD88C731839EE7D0001A051 /* Sources */,
				0FD88C741839EE7D0001A051 /* Frameworks */,
				0FD88C751839EE7D0001A051 /* Resources */,
			);
			buildRules = (
			);
			dependencies = (
			);
			name = ALNet;
			productName = ALNet;
			productReference = 0FD88C771839EE7D0001A051 /* ALNet.app */;
			productType = "com.apple.product-type.application";
		};
		0FD88C911839EE7D0001A051 /* ALNetTests */ = {
			isa = PBXNativeTarget;
			buildConfigurationList = 0FD88CA61839EE7D0001A051 /* Build configuration list for PBXNativeTarget "ALNetTests" */;
			buildPhases = (
				0FD88C8E1839EE7D0001A051 /* Sources */,
				0FD88C8F1839EE7D0001A051 /* Frameworks */,
				0FD88C901839EE7D0001A051 /* Resources */,
			);
			buildRules = (
			);
			dependencies = (
				0FD88C981839EE7D0001A051 /* PBXTargetDependency */,
			);
			name = ALNetTests;
			productName = ALNetTests;
			productReference = 0FD88C921839EE7D0001A051 /* ALNetTests.xctest */;
			productType = "com.apple.product-type.bundle.unit-test";
		};
/* End PBXNativeTarget section */

/* Begin PBXProject section */
		0FD88C6F1839EE7D0001A051 /* Project object */ = {
			isa = PBXProject;
			attributes = {
				LastUpgradeCheck = 0500;
				ORGANIZATIONNAME = "HoJun Lee";
				TargetAttributes = {
					0FD88C911839EE7D0001A051 = {
						TestTargetID = 0FD88C761839EE7D0001A051;
					};
				};
			};
			buildConfigurationList = 0FD88C721839EE7D0001A051 /* Build configuration list for PBXProject "ALNet" */;
			compatibilityVersion = "Xcode 3.2";
			developmentRegion = English;
			hasScannedForEncodings = 0;
			knownRegions = (
				en,
			);
			mainGroup = 0FD88C6E1839EE7D0001A051;
			productRefGroup = 0FD88C781839EE7D0001A051 /* Products */;
			projectDirPath = "";
			projectRoot = "";
			targets = (
				0FD88C761839EE7D0001A051 /* ALNet */,
				0FD88C911839EE7D0001A051 /* ALNetTests */,
			);
		};
/* End PBXProject section */

/* Begin PBXResourcesBuildPhase section */
		0FD88C751839EE7D0001A051 /* Resources */ = {
			isa = PBXResourcesBuildPhase;
			buildActionMask = 2147483647;
			files = (
				0FD88C851839EE7D0001A051 /* InfoPlist.strings in Resources */,
				0FE47514183CC17000DD1FDC /* ALMain.storyboard in Resources */,
				0F64232A183F329000BB5510 /* ALSerialization.rtf in Resources */,
				0F64232E183F329000BB5510 /* UserInfo.plist in Resources */,
				0FE47502183CA91D00DD1FDC /* ALCacheManager.rtf in Resources */,
				0FD88C8D1839EE7D0001A051 /* Images.xcassets in Resources */,
			);
			runOnlyForDeploymentPostprocessing = 0;
		};
		0FD88C901839EE7D0001A051 /* Resources */ = {
			isa = PBXResourcesBuildPhase;
			buildActionMask = 2147483647;
			files = (
				0FD88C9E1839EE7D0001A051 /* InfoPlist.strings in Resources */,
			);
			runOnlyForDeploymentPostprocessing = 0;
		};
/* End PBXResourcesBuildPhase section */

/* Begin PBXSourcesBuildPhase section */
		0FD88C731839EE7D0001A051 /* Sources */ = {
			isa = PBXSourcesBuildPhase;
			buildActionMask = 2147483647;
			files = (
				0F64232C183F329000BB5510 /* ALTransactionHTTP.m in Sources */,
				0F642322183F329000BB5510 /* ALNetManager.m in Sources */,
				0F1C3D2F183F4D1A004AC9BD /* ALSessionConfiguration.m in Sources */,
				0F642323183F329000BB5510 /* ALSessionManager.m in Sources */,
				0FE47517183CC19000DD1FDC /* ALMainViewController.m in Sources */,
				0F1C3D2C183F4299004AC9BD /* ALSessionManager+DownloadTaskDelegate.m in Sources */,
				0F642329183F329000BB5510 /* ALSerialization.m in Sources */,
				0F1C3D2B183F4299004AC9BD /* ALSessionManager+DataTaskDelegate.m in Sources */,
				0F1C3D1C183F4275004AC9BD /* ALHTTPSessionManager.m in Sources */,
				0F1C3D2A183F4299004AC9BD /* ALSessionManager+TaskDelegate.m in Sources */,
				0FD88C8B1839EE7D0001A051 /* AppDelegate.m in Sources */,
				0FD88C871839EE7D0001A051 /* main.m in Sources */,
				0F1C3D3E183F96B9004AC9BD /* ALStringConvertor.m in Sources */,
				0FE4750F183CA91D00DD1FDC /* UIAsyncImageView.m in Sources */,
				0F64232B183F329000BB5510 /* ALTransaction.m in Sources */,
				0F642321183F329000BB5510 /* ALNetConst.m in Sources */,
				0F1C3D32183F856F004AC9BD /* ALURLSerialization.m in Sources */,
				0F64232D183F329000BB5510 /* ALTransactionTCPIP.m in Sources */,
				0FE47501183CA91D00DD1FDC /* ALCacheManager.m in Sources */,
				0F0134CC18433BBB005E11A0 /* Standardinformation.m in Sources */,
			);
			runOnlyForDeploymentPostprocessing = 0;
		};
		0FD88C8E1839EE7D0001A051 /* Sources */ = {
			isa = PBXSourcesBuildPhase;
			buildActionMask = 2147483647;
			files = (
				0FD88CA01839EE7D0001A051 /* ALNetTests.m in Sources */,
			);
			runOnlyForDeploymentPostprocessing = 0;
		};
/* End PBXSourcesBuildPhase section */

/* Begin PBXTargetDependency section */
		0FD88C981839EE7D0001A051 /* PBXTargetDependency */ = {
			isa = PBXTargetDependency;
			target = 0FD88C761839EE7D0001A051 /* ALNet */;
			targetProxy = 0FD88C971839EE7D0001A051 /* PBXContainerItemProxy */;
		};
/* End PBXTargetDependency section */

/* Begin PBXVariantGroup section */
		0FD88C831839EE7D0001A051 /* InfoPlist.strings */ = {
			isa = PBXVariantGroup;
			children = (
				0FD88C841839EE7D0001A051 /* en */,
			);
			name = InfoPlist.strings;
			sourceTree = "<group>";
		};
		0FD88C9C1839EE7D0001A051 /* InfoPlist.strings */ = {
			isa = PBXVariantGroup;
			children = (
				0FD88C9D1839EE7D0001A051 /* en */,
			);
			name = InfoPlist.strings;
			sourceTree = "<group>";
		};
/* End PBXVariantGroup section */

/* Begin XCBuildConfiguration section */
		0FD88CA11839EE7D0001A051 /* Debug */ = {
			isa = XCBuildConfiguration;
			buildSettings = {
				ALWAYS_SEARCH_USER_PATHS = NO;
				ARCHS = "$(ARCHS_STANDARD_INCLUDING_64_BIT)";
				CLANG_CXX_LANGUAGE_STANDARD = "gnu++0x";
				CLANG_CXX_LIBRARY = "libc++";
				CLANG_ENABLE_MODULES = YES;
				CLANG_ENABLE_OBJC_ARC = YES;
				CLANG_WARN_BOOL_CONVERSION = YES;
				CLANG_WARN_CONSTANT_CONVERSION = YES;
				CLANG_WARN_DIRECT_OBJC_ISA_USAGE = YES_ERROR;
				CLANG_WARN_EMPTY_BODY = YES;
				CLANG_WARN_ENUM_CONVERSION = YES;
				CLANG_WARN_INT_CONVERSION = YES;
				CLANG_WARN_OBJC_ROOT_CLASS = YES_ERROR;
				CLANG_WARN__DUPLICATE_METHOD_MATCH = YES;
				"CODE_SIGN_IDENTITY[sdk=iphoneos*]" = "iPhone Developer";
				COPY_PHASE_STRIP = NO;
				GCC_C_LANGUAGE_STANDARD = gnu99;
				GCC_DYNAMIC_NO_PIC = NO;
				GCC_OPTIMIZATION_LEVEL = 0;
				GCC_PREPROCESSOR_DEFINITIONS = (
					"DEBUG=1",
					"$(inherited)",
				);
				GCC_SYMBOLS_PRIVATE_EXTERN = NO;
				GCC_WARN_64_TO_32_BIT_CONVERSION = YES;
				GCC_WARN_ABOUT_RETURN_TYPE = YES_ERROR;
				GCC_WARN_UNDECLARED_SELECTOR = YES;
				GCC_WARN_UNINITIALIZED_AUTOS = YES;
				GCC_WARN_UNUSED_FUNCTION = YES;
				GCC_WARN_UNUSED_VARIABLE = YES;
				IPHONEOS_DEPLOYMENT_TARGET = 7.0;
				ONLY_ACTIVE_ARCH = YES;
				SDKROOT = iphoneos;
				TARGETED_DEVICE_FAMILY = "1,2";
			};
			name = Debug;
		};
		0FD88CA21839EE7D0001A051 /* Release */ = {
			isa = XCBuildConfiguration;
			buildSettings = {
				ALWAYS_SEARCH_USER_PATHS = NO;
				ARCHS = "$(ARCHS_STANDARD_INCLUDING_64_BIT)";
				CLANG_CXX_LANGUAGE_STANDARD = "gnu++0x";
				CLANG_CXX_LIBRARY = "libc++";
				CLANG_ENABLE_MODULES = YES;
				CLANG_ENABLE_OBJC_ARC = YES;
				CLANG_WARN_BOOL_CONVERSION = YES;
				CLANG_WARN_CONSTANT_CONVERSION = YES;
				CLANG_WARN_DIRECT_OBJC_ISA_USAGE = YES_ERROR;
				CLANG_WARN_EMPTY_BODY = YES;
				CLANG_WARN_ENUM_CONVERSION = YES;
				CLANG_WARN_INT_CONVERSION = YES;
				CLANG_WARN_OBJC_ROOT_CLASS = YES_ERROR;
				CLANG_WARN__DUPLICATE_METHOD_MATCH = YES;
				"CODE_SIGN_IDENTITY[sdk=iphoneos*]" = "iPhone Developer";
				COPY_PHASE_STRIP = YES;
				ENABLE_NS_ASSERTIONS = NO;
				GCC_C_LANGUAGE_STANDARD = gnu99;
				GCC_WARN_64_TO_32_BIT_CONVERSION = YES;
				GCC_WARN_ABOUT_RETURN_TYPE = YES_ERROR;
				GCC_WARN_UNDECLARED_SELECTOR = YES;
				GCC_WARN_UNINITIALIZED_AUTOS = YES;
				GCC_WARN_UNUSED_FUNCTION = YES;
				GCC_WARN_UNUSED_VARIABLE = YES;
				IPHONEOS_DEPLOYMENT_TARGET = 7.0;
				SDKROOT = iphoneos;
				TARGETED_DEVICE_FAMILY = "1,2";
				VALIDATE_PRODUCT = YES;
			};
			name = Release;
		};
		0FD88CA41839EE7D0001A051 /* Debug */ = {
			isa = XCBuildConfiguration;
			buildSettings = {
				ASSETCATALOG_COMPILER_APPICON_NAME = AppIcon;
				ASSETCATALOG_COMPILER_LAUNCHIMAGE_NAME = LaunchImage;
				GCC_PRECOMPILE_PREFIX_HEADER = YES;
				GCC_PREFIX_HEADER = "ALNet/ALNet-Prefix.pch";
				INFOPLIST_FILE = "ALNet/ALNet-Info.plist";
				PRODUCT_NAME = "$(TARGET_NAME)";
				TARGETED_DEVICE_FAMILY = 1;
				WRAPPER_EXTENSION = app;
			};
			name = Debug;
		};
		0FD88CA51839EE7D0001A051 /* Release */ = {
			isa = XCBuildConfiguration;
			buildSettings = {
				ASSETCATALOG_COMPILER_APPICON_NAME = AppIcon;
				ASSETCATALOG_COMPILER_LAUNCHIMAGE_NAME = LaunchImage;
				GCC_PRECOMPILE_PREFIX_HEADER = YES;
				GCC_PREFIX_HEADER = "ALNet/ALNet-Prefix.pch";
				INFOPLIST_FILE = "ALNet/ALNet-Info.plist";
				PRODUCT_NAME = "$(TARGET_NAME)";
				TARGETED_DEVICE_FAMILY = 1;
				WRAPPER_EXTENSION = app;
			};
			name = Release;
		};
		0FD88CA71839EE7D0001A051 /* Debug */ = {
			isa = XCBuildConfiguration;
			buildSettings = {
				ARCHS = "$(ARCHS_STANDARD_INCLUDING_64_BIT)";
				BUNDLE_LOADER = "$(BUILT_PRODUCTS_DIR)/ALNet.app/ALNet";
				FRAMEWORK_SEARCH_PATHS = (
					"$(SDKROOT)/Developer/Library/Frameworks",
					"$(inherited)",
					"$(DEVELOPER_FRAMEWORKS_DIR)",
				);
				GCC_PRECOMPILE_PREFIX_HEADER = YES;
				GCC_PREFIX_HEADER = "ALNet/ALNet-Prefix.pch";
				GCC_PREPROCESSOR_DEFINITIONS = (
					"DEBUG=1",
					"$(inherited)",
				);
				INFOPLIST_FILE = "ALNetTests/ALNetTests-Info.plist";
				PRODUCT_NAME = "$(TARGET_NAME)";
				TEST_HOST = "$(BUNDLE_LOADER)";
				WRAPPER_EXTENSION = xctest;
			};
			name = Debug;
		};
		0FD88CA81839EE7D0001A051 /* Release */ = {
			isa = XCBuildConfiguration;
			buildSettings = {
				ARCHS = "$(ARCHS_STANDARD_INCLUDING_64_BIT)";
				BUNDLE_LOADER = "$(BUILT_PRODUCTS_DIR)/ALNet.app/ALNet";
				FRAMEWORK_SEARCH_PATHS = (
					"$(SDKROOT)/Developer/Library/Frameworks",
					"$(inherited)",
					"$(DEVELOPER_FRAMEWORKS_DIR)",
				);
				GCC_PRECOMPILE_PREFIX_HEADER = YES;
				GCC_PREFIX_HEADER = "ALNet/ALNet-Prefix.pch";
				INFOPLIST_FILE = "ALNetTests/ALNetTests-Info.plist";
				PRODUCT_NAME = "$(TARGET_NAME)";
				TEST_HOST = "$(BUNDLE_LOADER)";
				WRAPPER_EXTENSION = xctest;
			};
			name = Release;
		};
/* End XCBuildConfiguration section */

/* Begin XCConfigurationList section */
		0FD88C721839EE7D0001A051 /* Build configuration list for PBXProject "ALNet" */ = {
			isa = XCConfigurationList;
			buildConfigurations = (
				0FD88CA11839EE7D0001A051 /* Debug */,
				0FD88CA21839EE7D0001A051 /* Release */,
			);
			defaultConfigurationIsVisible = 0;
			defaultConfigurationName = Release;
		};
		0FD88CA31839EE7D0001A051 /* Build configuration list for PBXNativeTarget "ALNet" */ = {
			isa = XCConfigurationList;
			buildConfigurations = (
				0FD88CA41839EE7D0001A051 /* Debug */,
				0FD88CA51839EE7D0001A051 /* Release */,
			);
			defaultConfigurationIsVisible = 0;
			defaultConfigurationName = Release;
		};
		0FD88CA61839EE7D0001A051 /* Build configuration list for PBXNativeTarget "ALNetTests" */ = {
			isa = XCConfigurationList;
			buildConfigurations = (
				0FD88CA71839EE7D0001A051 /* Debug */,
				0FD88CA81839EE7D0001A051 /* Release */,
			);
			defaultConfigurationIsVisible = 0;
			defaultConfigurationName = Release;
		};
/* End XCConfigurationList section */
	};
	rootObject = 0FD88C6F1839EE7D0001A051 /* Project object */;
}
